
Microsoft Visual Studio Solution File, Format Version 12.00
# Visual Studio Version 16
VisualStudioVersion = 25.0.1706.3
MinimumVisualStudioVersion = 10.0.40219.1
Project("{FAE04EC0-301F-11D3-BF4B-00C04F79EFBC}") = "Date", "Date.csproj", "{A08F2365-901B-4D9A-9C6E-36011A9FA34F}"
EndProject
Global
	GlobalSection(SolutionConfigurationPlatforms) = preSolution
		Debug|Any CPU = Debug|Any CPU
		Release|Any CPU = Release|Any CPU
	EndGlobalSection
	GlobalSection(ProjectConfigurationPlatforms) = postSolution
		{A08F2365-901B-4D9A-9C6E-36011A9FA34F}.Debug|Any CPU.ActiveCfg = Debug|Any CPU
		{A08F2365-901B-4D9A-9C6E-36011A9FA34F}.Debug|Any CPU.Build.0 = Debug|Any CPU
		{A08F2365-901B-4D9A-9C6E-36011A9FA34F}.Release|Any CPU.ActiveCfg = Release|Any CPU
		{A08F2365-901B-4D9A-9C6E-36011A9FA34F}.Release|Any CPU.Build.0 = Release|Any CPU
	EndGlobalSection
	GlobalSection(SolutionProperties) = preSolution
		HideSolutionNode = FALSE
	EndGlobalSection
	GlobalSection(ExtensibilityGlobals) = postSolution
		SolutionGuid = {8D95166E-CA69-4B4F-8C68-2CF3B5D457E0}
	EndGlobalSection
EndGlobal
