
Microsoft Visual Studio Solution File, Format Version 12.00
# Visual Studio Version 16
VisualStudioVersion = 25.0.1703.8
MinimumVisualStudioVersion = 10.0.40219.1
Project("{FAE04EC0-301F-11D3-BF4B-00C04F79EFBC}") = "TypeAndVariables", "TypeAndVariables\TypeAndVariables.csproj", "{68E899C5-AD6E-4356-A26F-3B19CF7236DB}"
EndProject
Global
	GlobalSection(SolutionConfigurationPlatforms) = preSolution
		Debug|Any CPU = Debug|Any CPU
		Release|Any CPU = Release|Any CPU
	EndGlobalSection
	GlobalSection(ProjectConfigurationPlatforms) = postSolution
		{68E899C5-AD6E-4356-A26F-3B19CF7236DB}.Debug|Any CPU.ActiveCfg = Debug|Any CPU
		{68E899C5-AD6E-4356-A26F-3B19CF7236DB}.Debug|Any CPU.Build.0 = Debug|Any CPU
		{68E899C5-AD6E-4356-A26F-3B19CF7236DB}.Release|Any CPU.ActiveCfg = Release|Any CPU
		{68E899C5-AD6E-4356-A26F-3B19CF7236DB}.Release|Any CPU.Build.0 = Release|Any CPU
	EndGlobalSection
	GlobalSection(SolutionProperties) = preSolution
		HideSolutionNode = FALSE
	EndGlobalSection
	GlobalSection(ExtensibilityGlobals) = postSolution
		SolutionGuid = {450625AE-F73D-4984-AAF3-E62CED947989}
	EndGlobalSection
EndGlobal
