
Microsoft Visual Studio Solution File, Format Version 12.00
# Visual Studio Version 16
VisualStudioVersion = 25.0.1706.8
MinimumVisualStudioVersion = 10.0.40219.1
Project("{FAE04EC0-301F-11D3-BF4B-00C04F79EFBC}") = "Events", "Events.csproj", "{10AF40CD-2A66-4653-A29D-D4CA09E9476E}"
EndProject
Global
	GlobalSection(SolutionConfigurationPlatforms) = preSolution
		Debug|Any CPU = Debug|Any CPU
		Release|Any CPU = Release|Any CPU
	EndGlobalSection
	GlobalSection(ProjectConfigurationPlatforms) = postSolution
		{10AF40CD-2A66-4653-A29D-D4CA09E9476E}.Debug|Any CPU.ActiveCfg = Debug|Any CPU
		{10AF40CD-2A66-4653-A29D-D4CA09E9476E}.Debug|Any CPU.Build.0 = Debug|Any CPU
		{10AF40CD-2A66-4653-A29D-D4CA09E9476E}.Release|Any CPU.ActiveCfg = Release|Any CPU
		{10AF40CD-2A66-4653-A29D-D4CA09E9476E}.Release|Any CPU.Build.0 = Release|Any CPU
	EndGlobalSection
	GlobalSection(SolutionProperties) = preSolution
		HideSolutionNode = FALSE
	EndGlobalSection
	GlobalSection(ExtensibilityGlobals) = postSolution
		SolutionGuid = {987E4389-5335-4F20-AE3F-85B454025DBF}
	EndGlobalSection
EndGlobal
